
Microsoft Visual Studio Solution File, Format Version 12.00
# Visual Studio 2013
VisualStudioVersion = 12.0.30114.0
MinimumVisualStudioVersion = 10.0.40219.1
Project("{FAE04EC0-301F-11D3-BF4B-00C04F79EFBC}") = "SplineKeyDemo", "SplineKeyDemo\SplineKeyDemo.csproj", "{70177344-0A0C-48FE-8D8C-F30B7E839ACB}"
EndProject
Global
	GlobalSection(SolutionConfigurationPlatforms) = preSolution
		Debug|Any CPU = Debug|Any CPU
		Debug|ARM = Debug|ARM
		Debug|x86 = Debug|x86
		Release|Any CPU = Release|Any CPU
		Release|ARM = Release|ARM
		Release|x86 = Release|x86
	EndGlobalSection
	GlobalSection(ProjectConfigurationPlatforms) = postSolution
		{70177344-0A0C-48FE-8D8C-F30B7E839ACB}.Debug|Any CPU.ActiveCfg = Debug|Any CPU
		{70177344-0A0C-48FE-8D8C-F30B7E839ACB}.Debug|Any CPU.Build.0 = Debug|Any CPU
		{70177344-0A0C-48FE-8D8C-F30B7E839ACB}.Debug|Any CPU.Deploy.0 = Debug|Any CPU
		{70177344-0A0C-48FE-8D8C-F30B7E839ACB}.Debug|ARM.ActiveCfg = Debug|ARM
		{70177344-0A0C-48FE-8D8C-F30B7E839ACB}.Debug|ARM.Build.0 = Debug|ARM
		{70177344-0A0C-48FE-8D8C-F30B7E839ACB}.Debug|ARM.Deploy.0 = Debug|ARM
		{70177344-0A0C-48FE-8D8C-F30B7E839ACB}.Debug|x86.ActiveCfg = Debug|x86
		{70177344-0A0C-48FE-8D8C-F30B7E839ACB}.Debug|x86.Build.0 = Debug|x86
		{70177344-0A0C-48FE-8D8C-F30B7E839ACB}.Debug|x86.Deploy.0 = Debug|x86
		{70177344-0A0C-48FE-8D8C-F30B7E839ACB}.Release|Any CPU.ActiveCfg = Release|Any CPU
		{70177344-0A0C-48FE-8D8C-F30B7E839ACB}.Release|Any CPU.Build.0 = Release|Any CPU
		{70177344-0A0C-48FE-8D8C-F30B7E839ACB}.Release|Any CPU.Deploy.0 = Release|Any CPU
		{70177344-0A0C-48FE-8D8C-F30B7E839ACB}.Release|ARM.ActiveCfg = Release|ARM
		{70177344-0A0C-48FE-8D8C-F30B7E839ACB}.Release|ARM.Build.0 = Release|ARM
		{70177344-0A0C-48FE-8D8C-F30B7E839ACB}.Release|ARM.Deploy.0 = Release|ARM
		{70177344-0A0C-48FE-8D8C-F30B7E839ACB}.Release|x86.ActiveCfg = Release|x86
		{70177344-0A0C-48FE-8D8C-F30B7E839ACB}.Release|x86.Build.0 = Release|x86
		{70177344-0A0C-48FE-8D8C-F30B7E839ACB}.Release|x86.Deploy.0 = Release|x86
	EndGlobalSection
	GlobalSection(SolutionProperties) = preSolution
		HideSolutionNode = FALSE
	EndGlobalSection
EndGlobal
