
Microsoft Visual Studio Solution File, Format Version 12.00
# Visual Studio 2013
VisualStudioVersion = 12.0.30114.0
MinimumVisualStudioVersion = 10.0.40219.1
Project("{FAE04EC0-301F-11D3-BF4B-00C04F79EFBC}") = "3DOffsetDemo", "3DOffsetDemo\3DOffsetDemo.csproj", "{DA53BA3D-2199-4694-97B0-9701964AD61B}"
EndProject
Global
	GlobalSection(SolutionConfigurationPlatforms) = preSolution
		Debug|Any CPU = Debug|Any CPU
		Debug|ARM = Debug|ARM
		Debug|x86 = Debug|x86
		Release|Any CPU = Release|Any CPU
		Release|ARM = Release|ARM
		Release|x86 = Release|x86
	EndGlobalSection
	GlobalSection(ProjectConfigurationPlatforms) = postSolution
		{DA53BA3D-2199-4694-97B0-9701964AD61B}.Debug|Any CPU.ActiveCfg = Debug|Any CPU
		{DA53BA3D-2199-4694-97B0-9701964AD61B}.Debug|Any CPU.Build.0 = Debug|Any CPU
		{DA53BA3D-2199-4694-97B0-9701964AD61B}.Debug|Any CPU.Deploy.0 = Debug|Any CPU
		{DA53BA3D-2199-4694-97B0-9701964AD61B}.Debug|ARM.ActiveCfg = Debug|ARM
		{DA53BA3D-2199-4694-97B0-9701964AD61B}.Debug|ARM.Build.0 = Debug|ARM
		{DA53BA3D-2199-4694-97B0-9701964AD61B}.Debug|ARM.Deploy.0 = Debug|ARM
		{DA53BA3D-2199-4694-97B0-9701964AD61B}.Debug|x86.ActiveCfg = Debug|x86
		{DA53BA3D-2199-4694-97B0-9701964AD61B}.Debug|x86.Build.0 = Debug|x86
		{DA53BA3D-2199-4694-97B0-9701964AD61B}.Debug|x86.Deploy.0 = Debug|x86
		{DA53BA3D-2199-4694-97B0-9701964AD61B}.Release|Any CPU.ActiveCfg = Release|Any CPU
		{DA53BA3D-2199-4694-97B0-9701964AD61B}.Release|Any CPU.Build.0 = Release|Any CPU
		{DA53BA3D-2199-4694-97B0-9701964AD61B}.Release|Any CPU.Deploy.0 = Release|Any CPU
		{DA53BA3D-2199-4694-97B0-9701964AD61B}.Release|ARM.ActiveCfg = Release|ARM
		{DA53BA3D-2199-4694-97B0-9701964AD61B}.Release|ARM.Build.0 = Release|ARM
		{DA53BA3D-2199-4694-97B0-9701964AD61B}.Release|ARM.Deploy.0 = Release|ARM
		{DA53BA3D-2199-4694-97B0-9701964AD61B}.Release|x86.ActiveCfg = Release|x86
		{DA53BA3D-2199-4694-97B0-9701964AD61B}.Release|x86.Build.0 = Release|x86
		{DA53BA3D-2199-4694-97B0-9701964AD61B}.Release|x86.Deploy.0 = Release|x86
	EndGlobalSection
	GlobalSection(SolutionProperties) = preSolution
		HideSolutionNode = FALSE
	EndGlobalSection
EndGlobal
