
Microsoft Visual Studio Solution File, Format Version 12.00
# Visual Studio 2013
VisualStudioVersion = 12.0.30114.0
MinimumVisualStudioVersion = 10.0.40219.1
Project("{FAE04EC0-301F-11D3-BF4B-00C04F79EFBC}") = "3DRotationDemo", "3DRotationDemo\3DRotationDemo.csproj", "{EBA6B9C6-6083-48AA-BAA2-30E80E4E9681}"
EndProject
Global
	GlobalSection(SolutionConfigurationPlatforms) = preSolution
		Debug|Any CPU = Debug|Any CPU
		Debug|ARM = Debug|ARM
		Debug|x86 = Debug|x86
		Release|Any CPU = Release|Any CPU
		Release|ARM = Release|ARM
		Release|x86 = Release|x86
	EndGlobalSection
	GlobalSection(ProjectConfigurationPlatforms) = postSolution
		{EBA6B9C6-6083-48AA-BAA2-30E80E4E9681}.Debug|Any CPU.ActiveCfg = Debug|Any CPU
		{EBA6B9C6-6083-48AA-BAA2-30E80E4E9681}.Debug|Any CPU.Build.0 = Debug|Any CPU
		{EBA6B9C6-6083-48AA-BAA2-30E80E4E9681}.Debug|Any CPU.Deploy.0 = Debug|Any CPU
		{EBA6B9C6-6083-48AA-BAA2-30E80E4E9681}.Debug|ARM.ActiveCfg = Debug|ARM
		{EBA6B9C6-6083-48AA-BAA2-30E80E4E9681}.Debug|ARM.Build.0 = Debug|ARM
		{EBA6B9C6-6083-48AA-BAA2-30E80E4E9681}.Debug|ARM.Deploy.0 = Debug|ARM
		{EBA6B9C6-6083-48AA-BAA2-30E80E4E9681}.Debug|x86.ActiveCfg = Debug|x86
		{EBA6B9C6-6083-48AA-BAA2-30E80E4E9681}.Debug|x86.Build.0 = Debug|x86
		{EBA6B9C6-6083-48AA-BAA2-30E80E4E9681}.Debug|x86.Deploy.0 = Debug|x86
		{EBA6B9C6-6083-48AA-BAA2-30E80E4E9681}.Release|Any CPU.ActiveCfg = Release|Any CPU
		{EBA6B9C6-6083-48AA-BAA2-30E80E4E9681}.Release|Any CPU.Build.0 = Release|Any CPU
		{EBA6B9C6-6083-48AA-BAA2-30E80E4E9681}.Release|Any CPU.Deploy.0 = Release|Any CPU
		{EBA6B9C6-6083-48AA-BAA2-30E80E4E9681}.Release|ARM.ActiveCfg = Release|ARM
		{EBA6B9C6-6083-48AA-BAA2-30E80E4E9681}.Release|ARM.Build.0 = Release|ARM
		{EBA6B9C6-6083-48AA-BAA2-30E80E4E9681}.Release|ARM.Deploy.0 = Release|ARM
		{EBA6B9C6-6083-48AA-BAA2-30E80E4E9681}.Release|x86.ActiveCfg = Release|x86
		{EBA6B9C6-6083-48AA-BAA2-30E80E4E9681}.Release|x86.Build.0 = Release|x86
		{EBA6B9C6-6083-48AA-BAA2-30E80E4E9681}.Release|x86.Deploy.0 = Release|x86
	EndGlobalSection
	GlobalSection(SolutionProperties) = preSolution
		HideSolutionNode = FALSE
	EndGlobalSection
EndGlobal
